// !$*UTF8*$!
{
	archiveVersion = 1;
	classes = {
	};
	objectVersion = 56;
	objects = {

/* Begin PBXBuildFile section */
		C9C3F2342A89683100241F16 /* GHFollowersApp.swift in Sources */ = {isa = PBXBuildFile; fileRef = C9C3F2332A89683100241F16 /* GHFollowersApp.swift */; };
		C9C3F2362A89683100241F16 /* ContentView.swift in Sources */ = {isa = PBXBuildFile; fileRef = C9C3F2352A89683100241F16 /* ContentView.swift */; };
		C9C3F2382A89683400241F16 /* Assets.xcassets in Resources */ = {isa = PBXBuildFile; fileRef = C9C3F2372A89683400241F16 /* Assets.xcassets */; };
		C9C3F23B2A89683400241F16 /* Preview Assets.xcassets in Resources */ = {isa = PBXBuildFile; fileRef = C9C3F23A2A89683400241F16 /* Preview Assets.xcassets */; };
		C9C3F2422A89685600241F16 /* SearchView.swift in Sources */ = {isa = PBXBuildFile; fileRef = C9C3F2412A89685500241F16 /* SearchView.swift */; };
		C9C3F2442A896D7A00241F16 /* FollowersFetcher.swift in Sources */ = {isa = PBXBuildFile; fileRef = C9C3F2432A896D7A00241F16 /* FollowersFetcher.swift */; };
		C9C3F2462A896DF300241F16 /* FollowerListView.swift in Sources */ = {isa = PBXBuildFile; fileRef = C9C3F2452A896DF300241F16 /* FollowerListView.swift */; };
		C9C3F24F2A8A4DA900241F16 /* NetworkManager.swift in Sources */ = {isa = PBXBuildFile; fileRef = C9C3F24E2A8A4DA900241F16 /* NetworkManager.swift */; };
		C9C3F2512A8A4DBF00241F16 /* Follower.swift in Sources */ = {isa = PBXBuildFile; fileRef = C9C3F2502A8A4DBF00241F16 /* Follower.swift */; };
		C9C3F2532A8A4DC300241F16 /* User.swift in Sources */ = {isa = PBXBuildFile; fileRef = C9C3F2522A8A4DC300241F16 /* User.swift */; };
		C9C3F2572A8A4E0B00241F16 /* FavoritesView.swift in Sources */ = {isa = PBXBuildFile; fileRef = C9C3F2562A8A4E0B00241F16 /* FavoritesView.swift */; };
		C9C3F2632A8B9CDE00241F16 /* UserInfoView.swift in Sources */ = {isa = PBXBuildFile; fileRef = C9C3F2622A8B9CDE00241F16 /* UserInfoView.swift */; };
		C9C3F2682A8BA62400241F16 /* UserInfoContainerView.swift in Sources */ = {isa = PBXBuildFile; fileRef = C9C3F2672A8BA62400241F16 /* UserInfoContainerView.swift */; };
		C9C3F26B2A8BC66B00241F16 /* Constants.swift in Sources */ = {isa = PBXBuildFile; fileRef = C9C3F26A2A8BC66B00241F16 /* Constants.swift */; };
		C9C3F26E2A8BC77F00241F16 /* Date+Ext.swift in Sources */ = {isa = PBXBuildFile; fileRef = C9C3F26D2A8BC77F00241F16 /* Date+Ext.swift */; };
		C9C3F2722A8CF47B00241F16 /* FollowerItemView.swift in Sources */ = {isa = PBXBuildFile; fileRef = C9C3F2712A8CF47B00241F16 /* FollowerItemView.swift */; };
		C9C3F2742A8CF6DB00241F16 /* ImageLoader.swift in Sources */ = {isa = PBXBuildFile; fileRef = C9C3F2732A8CF6DB00241F16 /* ImageLoader.swift */; };
/* End PBXBuildFile section */

/* Begin PBXFileReference section */
		C9C3F2302A89683100241F16 /* GHFollowers.app */ = {isa = PBXFileReference; explicitFileType = wrapper.application; includeInIndex = 0; path = GHFollowers.app; sourceTree = BUILT_PRODUCTS_DIR; };
		C9C3F2332A89683100241F16 /* GHFollowersApp.swift */ = {isa = PBXFileReference; lastKnownFileType = sourcecode.swift; path = GHFollowersApp.swift; sourceTree = "<group>"; };
		C9C3F2352A89683100241F16 /* ContentView.swift */ = {isa = PBXFileReference; lastKnownFileType = sourcecode.swift; path = ContentView.swift; sourceTree = "<group>"; };
		C9C3F2372A89683400241F16 /* Assets.xcassets */ = {isa = PBXFileReference; lastKnownFileType = folder.assetcatalog; path = Assets.xcassets; sourceTree = "<group>"; };
		C9C3F23A2A89683400241F16 /* Preview Assets.xcassets */ = {isa = PBXFileReference; lastKnownFileType = folder.assetcatalog; path = "Preview Assets.xcassets"; sourceTree = "<group>"; };
		C9C3F2412A89685500241F16 /* SearchView.swift */ = {isa = PBXFileReference; lastKnownFileType = sourcecode.swift; path = SearchView.swift; sourceTree = "<group>"; };
		C9C3F2432A896D7A00241F16 /* FollowersFetcher.swift */ = {isa = PBXFileReference; lastKnownFileType = sourcecode.swift; path = FollowersFetcher.swift; sourceTree = "<group>"; };
		C9C3F2452A896DF300241F16 /* FollowerListView.swift */ = {isa = PBXFileReference; lastKnownFileType = sourcecode.swift; path = FollowerListView.swift; sourceTree = "<group>"; };
		C9C3F24E2A8A4DA900241F16 /* NetworkManager.swift */ = {isa = PBXFileReference; lastKnownFileType = sourcecode.swift; path = NetworkManager.swift; sourceTree = "<group>"; };
		C9C3F2502A8A4DBF00241F16 /* Follower.swift */ = {isa = PBXFileReference; lastKnownFileType = sourcecode.swift; path = Follower.swift; sourceTree = "<group>"; };
		C9C3F2522A8A4DC300241F16 /* User.swift */ = {isa = PBXFileReference; lastKnownFileType = sourcecode.swift; path = User.swift; sourceTree = "<group>"; };
		C9C3F2562A8A4E0B00241F16 /* FavoritesView.swift */ = {isa = PBXFileReference; lastKnownFileType = sourcecode.swift; path = FavoritesView.swift; sourceTree = "<group>"; };
		C9C3F2622A8B9CDE00241F16 /* UserInfoView.swift */ = {isa = PBXFileReference; lastKnownFileType = sourcecode.swift; path = UserInfoView.swift; sourceTree = "<group>"; };
		C9C3F2672A8BA62400241F16 /* UserInfoContainerView.swift */ = {isa = PBXFileReference; lastKnownFileType = sourcecode.swift; path = UserInfoContainerView.swift; sourceTree = "<group>"; };
		C9C3F26A2A8BC66B00241F16 /* Constants.swift */ = {isa = PBXFileReference; lastKnownFileType = sourcecode.swift; path = Constants.swift; sourceTree = "<group>"; };
		C9C3F26D2A8BC77F00241F16 /* Date+Ext.swift */ = {isa = PBXFileReference; lastKnownFileType = sourcecode.swift; path = "Date+Ext.swift"; sourceTree = "<group>"; };
		C9C3F2712A8CF47B00241F16 /* FollowerItemView.swift */ = {isa = PBXFileReference; lastKnownFileType = sourcecode.swift; path = FollowerItemView.swift; sourceTree = "<group>"; };
		C9C3F2732A8CF6DB00241F16 /* ImageLoader.swift */ = {isa = PBXFileReference; lastKnownFileType = sourcecode.swift; path = ImageLoader.swift; sourceTree = "<group>"; };
/* End PBXFileReference section */

/* Begin PBXFrameworksBuildPhase section */
		C9C3F22D2A89683100241F16 /* Frameworks */ = {
			isa = PBXFrameworksBuildPhase;
			buildActionMask = 2147483647;
			files = (
			);
			runOnlyForDeploymentPostprocessing = 0;
		};
/* End PBXFrameworksBuildPhase section */

/* Begin PBXGroup section */
		C9C3F2272A89683100241F16 = {
			isa = PBXGroup;
			children = (
				C9C3F2322A89683100241F16 /* GHFollowers */,
				C9C3F2312A89683100241F16 /* Products */,
			);
			sourceTree = "<group>";
		};
		C9C3F2312A89683100241F16 /* Products */ = {
			isa = PBXGroup;
			children = (
				C9C3F2302A89683100241F16 /* GHFollowers.app */,
			);
			name = Products;
			sourceTree = "<group>";
		};
		C9C3F2322A89683100241F16 /* GHFollowers */ = {
			isa = PBXGroup;
			children = (
				C9C3F2332A89683100241F16 /* GHFollowersApp.swift */,
				C9C3F2352A89683100241F16 /* ContentView.swift */,
				C9C3F26C2A8BC77400241F16 /* Extensions */,
				C9C3F2692A8BC66500241F16 /* Files */,
				C9C3F2662A8BA5FF00241F16 /* ViewComponents */,
				C9C3F2592A8A4E3700241F16 /* Networking */,
				C9C3F2542A8A4DED00241F16 /* Models */,
				C9C3F2582A8A4E1B00241F16 /* Views */,
				C9C3F2552A8A4DF200241F16 /* TabViews */,
				C9C3F2372A89683400241F16 /* Assets.xcassets */,
				C9C3F2392A89683400241F16 /* Preview Content */,
			);
			path = GHFollowers;
			sourceTree = "<group>";
		};
		C9C3F2392A89683400241F16 /* Preview Content */ = {
			isa = PBXGroup;
			children = (
				C9C3F23A2A89683400241F16 /* Preview Assets.xcassets */,
			);
			path = "Preview Content";
			sourceTree = "<group>";
		};
		C9C3F2542A8A4DED00241F16 /* Models */ = {
			isa = PBXGroup;
			children = (
				C9C3F2502A8A4DBF00241F16 /* Follower.swift */,
				C9C3F2522A8A4DC300241F16 /* User.swift */,
			);
			path = Models;
			sourceTree = "<group>";
		};
		C9C3F2552A8A4DF200241F16 /* TabViews */ = {
			isa = PBXGroup;
			children = (
				C9C3F2412A89685500241F16 /* SearchView.swift */,
				C9C3F2562A8A4E0B00241F16 /* FavoritesView.swift */,
			);
			path = TabViews;
			sourceTree = "<group>";
		};
		C9C3F2582A8A4E1B00241F16 /* Views */ = {
			isa = PBXGroup;
			children = (
				C9C3F2452A896DF300241F16 /* FollowerListView.swift */,
				C9C3F2712A8CF47B00241F16 /* FollowerItemView.swift */,
				C9C3F2622A8B9CDE00241F16 /* UserInfoView.swift */,
			);
			path = Views;
			sourceTree = "<group>";
		};
		C9C3F2592A8A4E3700241F16 /* Networking */ = {
			isa = PBXGroup;
			children = (
				C9C3F24E2A8A4DA900241F16 /* NetworkManager.swift */,
				C9C3F2432A896D7A00241F16 /* FollowersFetcher.swift */,
				C9C3F2732A8CF6DB00241F16 /* ImageLoader.swift */,
			);
			path = Networking;
			sourceTree = "<group>";
		};
		C9C3F2662A8BA5FF00241F16 /* ViewComponents */ = {
			isa = PBXGroup;
			children = (
				C9C3F2672A8BA62400241F16 /* UserInfoContainerView.swift */,
			);
			path = ViewComponents;
			sourceTree = "<group>";
		};
		C9C3F2692A8BC66500241F16 /* Files */ = {
			isa = PBXGroup;
			children = (
				C9C3F26A2A8BC66B00241F16 /* Constants.swift */,
			);
			path = Files;
			sourceTree = "<group>";
		};
		C9C3F26C2A8BC77400241F16 /* Extensions */ = {
			isa = PBXGroup;
			children = (
				C9C3F26D2A8BC77F00241F16 /* Date+Ext.swift */,
			);
			path = Extensions;
			sourceTree = "<group>";
		};
/* End PBXGroup section */

/* Begin PBXNativeTarget section */
		C9C3F22F2A89683100241F16 /* GHFollowers */ = {
			isa = PBXNativeTarget;
			buildConfigurationList = C9C3F23E2A89683400241F16 /* Build configuration list for PBXNativeTarget "GHFollowers" */;
			buildPhases = (
				C9C3F22C2A89683100241F16 /* Sources */,
				C9C3F22D2A89683100241F16 /* Frameworks */,
				C9C3F22E2A89683100241F16 /* Resources */,
			);
			buildRules = (
			);
			dependencies = (
			);
			name = GHFollowers;
			productName = GHFollowers;
			productReference = C9C3F2302A89683100241F16 /* GHFollowers.app */;
			productType = "com.apple.product-type.application";
		};
/* End PBXNativeTarget section */

/* Begin PBXProject section */
		C9C3F2282A89683100241F16 /* Project object */ = {
			isa = PBXProject;
			attributes = {
				BuildIndependentTargetsInParallel = 1;
				LastSwiftUpdateCheck = 1430;
				LastUpgradeCheck = 1430;
				TargetAttributes = {
					C9C3F22F2A89683100241F16 = {
						CreatedOnToolsVersion = 14.3.1;
					};
				};
			};
			buildConfigurationList = C9C3F22B2A89683100241F16 /* Build configuration list for PBXProject "GHFollowers" */;
			compatibilityVersion = "Xcode 14.0";
			developmentRegion = en;
			hasScannedForEncodings = 0;
			knownRegions = (
				en,
				Base,
			);
			mainGroup = C9C3F2272A89683100241F16;
			productRefGroup = C9C3F2312A89683100241F16 /* Products */;
			projectDirPath = "";
			projectRoot = "";
			targets = (
				C9C3F22F2A89683100241F16 /* GHFollowers */,
			);
		};
/* End PBXProject section */

/* Begin PBXResourcesBuildPhase section */
		C9C3F22E2A89683100241F16 /* Resources */ = {
			isa = PBXResourcesBuildPhase;
			buildActionMask = 2147483647;
			files = (
				C9C3F23B2A89683400241F16 /* Preview Assets.xcassets in Resources */,
				C9C3F2382A89683400241F16 /* Assets.xcassets in Resources */,
			);
			runOnlyForDeploymentPostprocessing = 0;
		};
/* End PBXResourcesBuildPhase section */

/* Begin PBXSourcesBuildPhase section */
		C9C3F22C2A89683100241F16 /* Sources */ = {
			isa = PBXSourcesBuildPhase;
			buildActionMask = 2147483647;
			files = (
				C9C3F2682A8BA62400241F16 /* UserInfoContainerView.swift in Sources */,
				C9C3F24F2A8A4DA900241F16 /* NetworkManager.swift in Sources */,
				C9C3F2742A8CF6DB00241F16 /* ImageLoader.swift in Sources */,
				C9C3F26E2A8BC77F00241F16 /* Date+Ext.swift in Sources */,
				C9C3F2512A8A4DBF00241F16 /* Follower.swift in Sources */,
				C9C3F2362A89683100241F16 /* ContentView.swift in Sources */,
				C9C3F2462A896DF300241F16 /* FollowerListView.swift in Sources */,
				C9C3F2532A8A4DC300241F16 /* User.swift in Sources */,
				C9C3F2422A89685600241F16 /* SearchView.swift in Sources */,
				C9C3F2342A89683100241F16 /* GHFollowersApp.swift in Sources */,
				C9C3F2442A896D7A00241F16 /* FollowersFetcher.swift in Sources */,
				C9C3F2572A8A4E0B00241F16 /* FavoritesView.swift in Sources */,
				C9C3F2632A8B9CDE00241F16 /* UserInfoView.swift in Sources */,
				C9C3F26B2A8BC66B00241F16 /* Constants.swift in Sources */,
				C9C3F2722A8CF47B00241F16 /* FollowerItemView.swift in Sources */,
			);
			runOnlyForDeploymentPostprocessing = 0;
		};
/* End PBXSourcesBuildPhase section */

/* Begin XCBuildConfiguration section */
		C9C3F23C2A89683400241F16 /* Debug */ = {
			isa = XCBuildConfiguration;
			buildSettings = {
				ALWAYS_SEARCH_USER_PATHS = NO;
				CLANG_ANALYZER_NONNULL = YES;
				CLANG_ANALYZER_NUMBER_OBJECT_CONVERSION = YES_AGGRESSIVE;
				CLANG_CXX_LANGUAGE_STANDARD = "gnu++20";
				CLANG_ENABLE_MODULES = YES;
				CLANG_ENABLE_OBJC_ARC = YES;
				CLANG_ENABLE_OBJC_WEAK = YES;
				CLANG_WARN_BLOCK_CAPTURE_AUTORELEASING = YES;
				CLANG_WARN_BOOL_CONVERSION = YES;
				CLANG_WARN_COMMA = YES;
				CLANG_WARN_CONSTANT_CONVERSION = YES;
				CLANG_WARN_DEPRECATED_OBJC_IMPLEMENTATIONS = YES;
				CLANG_WARN_DIRECT_OBJC_ISA_USAGE = YES_ERROR;
				CLANG_WARN_DOCUMENTATION_COMMENTS = YES;
				CLANG_WARN_EMPTY_BODY = YES;
				CLANG_WARN_ENUM_CONVERSION = YES;
				CLANG_WARN_INFINITE_RECURSION = YES;
				CLANG_WARN_INT_CONVERSION = YES;
				CLANG_WARN_NON_LITERAL_NULL_CONVERSION = YES;
				CLANG_WARN_OBJC_IMPLICIT_RETAIN_SELF = YES;
				CLANG_WARN_OBJC_LITERAL_CONVERSION = YES;
				CLANG_WARN_OBJC_ROOT_CLASS = YES_ERROR;
				CLANG_WARN_QUOTED_INCLUDE_IN_FRAMEWORK_HEADER = YES;
				CLANG_WARN_RANGE_LOOP_ANALYSIS = YES;
				CLANG_WARN_STRICT_PROTOTYPES = YES;
				CLANG_WARN_SUSPICIOUS_MOVE = YES;
				CLANG_WARN_UNGUARDED_AVAILABILITY = YES_AGGRESSIVE;
				CLANG_WARN_UNREACHABLE_CODE = YES;
				CLANG_WARN__DUPLICATE_METHOD_MATCH = YES;
				COPY_PHASE_STRIP = NO;
				DEBUG_INFORMATION_FORMAT = dwarf;
				ENABLE_STRICT_OBJC_MSGSEND = YES;
				ENABLE_TESTABILITY = YES;
				GCC_C_LANGUAGE_STANDARD = gnu11;
				GCC_DYNAMIC_NO_PIC = NO;
				GCC_NO_COMMON_BLOCKS = YES;
				GCC_OPTIMIZATION_LEVEL = 0;
				GCC_PREPROCESSOR_DEFINITIONS = (
					"DEBUG=1",
					"$(inherited)",
				);
				GCC_WARN_64_TO_32_BIT_CONVERSION = YES;
				GCC_WARN_ABOUT_RETURN_TYPE = YES_ERROR;
				GCC_WARN_UNDECLARED_SELECTOR = YES;
				GCC_WARN_UNINITIALIZED_AUTOS = YES_AGGRESSIVE;
				GCC_WARN_UNUSED_FUNCTION = YES;
				GCC_WARN_UNUSED_VARIABLE = YES;
				IPHONEOS_DEPLOYMENT_TARGET = 16.4;
				MTL_ENABLE_DEBUG_INFO = INCLUDE_SOURCE;
				MTL_FAST_MATH = YES;
				ONLY_ACTIVE_ARCH = YES;
				SDKROOT = iphoneos;
				SWIFT_ACTIVE_COMPILATION_CONDITIONS = DEBUG;
				SWIFT_OPTIMIZATION_LEVEL = "-Onone";
			};
			name = Debug;
		};
		C9C3F23D2A89683400241F16 /* Release */ = {
			isa = XCBuildConfiguration;
			buildSettings = {
				ALWAYS_SEARCH_USER_PATHS = NO;
				CLANG_ANALYZER_NONNULL = YES;
				CLANG_ANALYZER_NUMBER_OBJECT_CONVERSION = YES_AGGRESSIVE;
				CLANG_CXX_LANGUAGE_STANDARD = "gnu++20";
				CLANG_ENABLE_MODULES = YES;
				CLANG_ENABLE_OBJC_ARC = YES;
				CLANG_ENABLE_OBJC_WEAK = YES;
				CLANG_WARN_BLOCK_CAPTURE_AUTORELEASING = YES;
				CLANG_WARN_BOOL_CONVERSION = YES;
				CLANG_WARN_COMMA = YES;
				CLANG_WARN_CONSTANT_CONVERSION = YES;
				CLANG_WARN_DEPRECATED_OBJC_IMPLEMENTATIONS = YES;
				CLANG_WARN_DIRECT_OBJC_ISA_USAGE = YES_ERROR;
				CLANG_WARN_DOCUMENTATION_COMMENTS = YES;
				CLANG_WARN_EMPTY_BODY = YES;
				CLANG_WARN_ENUM_CONVERSION = YES;
				CLANG_WARN_INFINITE_RECURSION = YES;
				CLANG_WARN_INT_CONVERSION = YES;
				CLANG_WARN_NON_LITERAL_NULL_CONVERSION = YES;
				CLANG_WARN_OBJC_IMPLICIT_RETAIN_SELF = YES;
				CLANG_WARN_OBJC_LITERAL_CONVERSION = YES;
				CLANG_WARN_OBJC_ROOT_CLASS = YES_ERROR;
				CLANG_WARN_QUOTED_INCLUDE_IN_FRAMEWORK_HEADER = YES;
				CLANG_WARN_RANGE_LOOP_ANALYSIS = YES;
				CLANG_WARN_STRICT_PROTOTYPES = YES;
				CLANG_WARN_SUSPICIOUS_MOVE = YES;
				CLANG_WARN_UNGUARDED_AVAILABILITY = YES_AGGRESSIVE;
				CLANG_WARN_UNREACHABLE_CODE = YES;
				CLANG_WARN__DUPLICATE_METHOD_MATCH = YES;
				COPY_PHASE_STRIP = NO;
				DEBUG_INFORMATION_FORMAT = "dwarf-with-dsym";
				ENABLE_NS_ASSERTIONS = NO;
				ENABLE_STRICT_OBJC_MSGSEND = YES;
				GCC_C_LANGUAGE_STANDARD = gnu11;
				GCC_NO_COMMON_BLOCKS = YES;
				GCC_WARN_64_TO_32_BIT_CONVERSION = YES;
				GCC_WARN_ABOUT_RETURN_TYPE = YES_ERROR;
				GCC_WARN_UNDECLARED_SELECTOR = YES;
				GCC_WARN_UNINITIALIZED_AUTOS = YES_AGGRESSIVE;
				GCC_WARN_UNUSED_FUNCTION = YES;
				GCC_WARN_UNUSED_VARIABLE = YES;
				IPHONEOS_DEPLOYMENT_TARGET = 16.4;
				MTL_ENABLE_DEBUG_INFO = NO;
				MTL_FAST_MATH = YES;
				SDKROOT = iphoneos;
				SWIFT_COMPILATION_MODE = wholemodule;
				SWIFT_OPTIMIZATION_LEVEL = "-O";
				VALIDATE_PRODUCT = YES;
			};
			name = Release;
		};
		C9C3F23F2A89683400241F16 /* Debug */ = {
			isa = XCBuildConfiguration;
			buildSettings = {
				ASSETCATALOG_COMPILER_APPICON_NAME = AppIcon;
				ASSETCATALOG_COMPILER_GLOBAL_ACCENT_COLOR_NAME = AccentColor;
				CODE_SIGN_STYLE = Automatic;
				CURRENT_PROJECT_VERSION = 1;
				DEVELOPMENT_ASSET_PATHS = "\"GHFollowers/Preview Content\"";
				DEVELOPMENT_TEAM = G8MSA22VSU;
				ENABLE_PREVIEWS = YES;
				GENERATE_INFOPLIST_FILE = YES;
				INFOPLIST_KEY_UIApplicationSceneManifest_Generation = YES;
				INFOPLIST_KEY_UIApplicationSupportsIndirectInputEvents = YES;
				INFOPLIST_KEY_UILaunchScreen_Generation = YES;
				INFOPLIST_KEY_UISupportedInterfaceOrientations_iPad = "UIInterfaceOrientationPortrait UIInterfaceOrientationPortraitUpsideDown UIInterfaceOrientationLandscapeLeft UIInterfaceOrientationLandscapeRight";
				INFOPLIST_KEY_UISupportedInterfaceOrientations_iPhone = "UIInterfaceOrientationPortrait UIInterfaceOrientationLandscapeLeft UIInterfaceOrientationLandscapeRight";
				LD_RUNPATH_SEARCH_PATHS = (
					"$(inherited)",
					"@executable_path/Frameworks",
				);
				MARKETING_VERSION = 1.0;
				PRODUCT_BUNDLE_IDENTIFIER = com.alpaycalalli.GHFollowers;
				PRODUCT_NAME = "$(TARGET_NAME)";
				SWIFT_EMIT_LOC_STRINGS = YES;
				SWIFT_VERSION = 5.0;
				TARGETED_DEVICE_FAMILY = "1,2";
			};
			name = Debug;
		};
		C9C3F2402A89683400241F16 /* Release */ = {
			isa = XCBuildConfiguration;
			buildSettings = {
				ASSETCATALOG_COMPILER_APPICON_NAME = AppIcon;
				ASSETCATALOG_COMPILER_GLOBAL_ACCENT_COLOR_NAME = AccentColor;
				CODE_SIGN_STYLE = Automatic;
				CURRENT_PROJECT_VERSION = 1;
				DEVELOPMENT_ASSET_PATHS = "\"GHFollowers/Preview Content\"";
				DEVELOPMENT_TEAM = G8MSA22VSU;
				ENABLE_PREVIEWS = YES;
				GENERATE_INFOPLIST_FILE = YES;
				INFOPLIST_KEY_UIApplicationSceneManifest_Generation = YES;
				INFOPLIST_KEY_UIApplicationSupportsIndirectInputEvents = YES;
				INFOPLIST_KEY_UILaunchScreen_Generation = YES;
				INFOPLIST_KEY_UISupportedInterfaceOrientations_iPad = "UIInterfaceOrientationPortrait UIInterfaceOrientationPortraitUpsideDown UIInterfaceOrientationLandscapeLeft UIInterfaceOrientationLandscapeRight";
				INFOPLIST_KEY_UISupportedInterfaceOrientations_iPhone = "UIInterfaceOrientationPortrait UIInterfaceOrientationLandscapeLeft UIInterfaceOrientationLandscapeRight";
				LD_RUNPATH_SEARCH_PATHS = (
					"$(inherited)",
					"@executable_path/Frameworks",
				);
				MARKETING_VERSION = 1.0;
				PRODUCT_BUNDLE_IDENTIFIER = com.alpaycalalli.GHFollowers;
				PRODUCT_NAME = "$(TARGET_NAME)";
				SWIFT_EMIT_LOC_STRINGS = YES;
				SWIFT_VERSION = 5.0;
				TARGETED_DEVICE_FAMILY = "1,2";
			};
			name = Release;
		};
/* End XCBuildConfiguration section */

/* Begin XCConfigurationList section */
		C9C3F22B2A89683100241F16 /* Build configuration list for PBXProject "GHFollowers" */ = {
			isa = XCConfigurationList;
			buildConfigurations = (
				C9C3F23C2A89683400241F16 /* Debug */,
				C9C3F23D2A89683400241F16 /* Release */,
			);
			defaultConfigurationIsVisible = 0;
			defaultConfigurationName = Release;
		};
		C9C3F23E2A89683400241F16 /* Build configuration list for PBXNativeTarget "GHFollowers" */ = {
			isa = XCConfigurationList;
			buildConfigurations = (
				C9C3F23F2A89683400241F16 /* Debug */,
				C9C3F2402A89683400241F16 /* Release */,
			);
			defaultConfigurationIsVisible = 0;
			defaultConfigurationName = Release;
		};
/* End XCConfigurationList section */
	};
	rootObject = C9C3F2282A89683100241F16 /* Project object */;
}
